
Microsoft Visual Studio Solution File, Format Version 12.00
# Visual Studio Version 16
VisualStudioVersion = 16.0.30309.148
MinimumVisualStudioVersion = 10.0.40219.1
Project("{FAE04EC0-301F-11D3-BF4B-00C04F79EFBC}") = "Weather.Android", "Weather\Weather.Android\Weather.Android.csproj", "{9330F6E7-19C1-4048-9CC1-0BA6452B34EA}"
EndProject
Project("{FAE04EC0-301F-11D3-BF4B-00C04F79EFBC}") = "Weather.iOS", "Weather\Weather.iOS\Weather.iOS.csproj", "{015A0894-C166-4285-AF4C-CE03D7A0E7D6}"
EndProject
Project("{FAE04EC0-301F-11D3-BF4B-00C04F79EFBC}") = "Weather", "Weather\Weather\Weather.csproj", "{E37597A1-C6AE-43FD-90E5-45B3BFA1ACEC}"
EndProject
Global
	GlobalSection(SolutionConfigurationPlatforms) = preSolution
		Debug|Any CPU = Debug|Any CPU
		Debug|iPhone = Debug|iPhone
		Debug|iPhoneSimulator = Debug|iPhoneSimulator
		Release|Any CPU = Release|Any CPU
		Release|iPhone = Release|iPhone
		Release|iPhoneSimulator = Release|iPhoneSimulator
	EndGlobalSection
	GlobalSection(ProjectConfigurationPlatforms) = postSolution
		{9330F6E7-19C1-4048-9CC1-0BA6452B34EA}.Debug|Any CPU.ActiveCfg = Debug|Any CPU
		{9330F6E7-19C1-4048-9CC1-0BA6452B34EA}.Debug|Any CPU.Build.0 = Debug|Any CPU
		{9330F6E7-19C1-4048-9CC1-0BA6452B34EA}.Debug|Any CPU.Deploy.0 = Debug|Any CPU
		{9330F6E7-19C1-4048-9CC1-0BA6452B34EA}.Debug|iPhone.ActiveCfg = Debug|Any CPU
		{9330F6E7-19C1-4048-9CC1-0BA6452B34EA}.Debug|iPhone.Build.0 = Debug|Any CPU
		{9330F6E7-19C1-4048-9CC1-0BA6452B34EA}.Debug|iPhone.Deploy.0 = Debug|Any CPU
		{9330F6E7-19C1-4048-9CC1-0BA6452B34EA}.Debug|iPhoneSimulator.ActiveCfg = Debug|Any CPU
		{9330F6E7-19C1-4048-9CC1-0BA6452B34EA}.Debug|iPhoneSimulator.Build.0 = Debug|Any CPU
		{9330F6E7-19C1-4048-9CC1-0BA6452B34EA}.Debug|iPhoneSimulator.Deploy.0 = Debug|Any CPU
		{9330F6E7-19C1-4048-9CC1-0BA6452B34EA}.Release|Any CPU.ActiveCfg = Release|Any CPU
		{9330F6E7-19C1-4048-9CC1-0BA6452B34EA}.Release|Any CPU.Build.0 = Release|Any CPU
		{9330F6E7-19C1-4048-9CC1-0BA6452B34EA}.Release|Any CPU.Deploy.0 = Release|Any CPU
		{9330F6E7-19C1-4048-9CC1-0BA6452B34EA}.Release|iPhone.ActiveCfg = Release|Any CPU
		{9330F6E7-19C1-4048-9CC1-0BA6452B34EA}.Release|iPhone.Build.0 = Release|Any CPU
		{9330F6E7-19C1-4048-9CC1-0BA6452B34EA}.Release|iPhone.Deploy.0 = Release|Any CPU
		{9330F6E7-19C1-4048-9CC1-0BA6452B34EA}.Release|iPhoneSimulator.ActiveCfg = Release|Any CPU
		{9330F6E7-19C1-4048-9CC1-0BA6452B34EA}.Release|iPhoneSimulator.Build.0 = Release|Any CPU
		{9330F6E7-19C1-4048-9CC1-0BA6452B34EA}.Release|iPhoneSimulator.Deploy.0 = Release|Any CPU
		{015A0894-C166-4285-AF4C-CE03D7A0E7D6}.Debug|Any CPU.ActiveCfg = Debug|iPhone
		{015A0894-C166-4285-AF4C-CE03D7A0E7D6}.Debug|Any CPU.Build.0 = Debug|iPhone
		{015A0894-C166-4285-AF4C-CE03D7A0E7D6}.Debug|Any CPU.Deploy.0 = Debug|iPhone
		{015A0894-C166-4285-AF4C-CE03D7A0E7D6}.Debug|iPhone.ActiveCfg = Debug|iPhone
		{015A0894-C166-4285-AF4C-CE03D7A0E7D6}.Debug|iPhone.Build.0 = Debug|iPhone
		{015A0894-C166-4285-AF4C-CE03D7A0E7D6}.Debug|iPhone.Deploy.0 = Debug|iPhone
		{015A0894-C166-4285-AF4C-CE03D7A0E7D6}.Debug|iPhoneSimulator.ActiveCfg = Debug|iPhoneSimulator
		{015A0894-C166-4285-AF4C-CE03D7A0E7D6}.Debug|iPhoneSimulator.Build.0 = Debug|iPhoneSimulator
		{015A0894-C166-4285-AF4C-CE03D7A0E7D6}.Debug|iPhoneSimulator.Deploy.0 = Debug|iPhoneSimulator
		{015A0894-C166-4285-AF4C-CE03D7A0E7D6}.Release|Any CPU.ActiveCfg = Release|iPhone
		{015A0894-C166-4285-AF4C-CE03D7A0E7D6}.Release|Any CPU.Build.0 = Release|iPhone
		{015A0894-C166-4285-AF4C-CE03D7A0E7D6}.Release|Any CPU.Deploy.0 = Release|iPhone
		{015A0894-C166-4285-AF4C-CE03D7A0E7D6}.Release|iPhone.ActiveCfg = Release|iPhone
		{015A0894-C166-4285-AF4C-CE03D7A0E7D6}.Release|iPhone.Build.0 = Release|iPhone
		{015A0894-C166-4285-AF4C-CE03D7A0E7D6}.Release|iPhone.Deploy.0 = Release|iPhone
		{015A0894-C166-4285-AF4C-CE03D7A0E7D6}.Release|iPhoneSimulator.ActiveCfg = Release|iPhoneSimulator
		{015A0894-C166-4285-AF4C-CE03D7A0E7D6}.Release|iPhoneSimulator.Build.0 = Release|iPhoneSimulator
		{015A0894-C166-4285-AF4C-CE03D7A0E7D6}.Release|iPhoneSimulator.Deploy.0 = Release|iPhoneSimulator
		{E37597A1-C6AE-43FD-90E5-45B3BFA1ACEC}.Debug|Any CPU.ActiveCfg = Debug|Any CPU
		{E37597A1-C6AE-43FD-90E5-45B3BFA1ACEC}.Debug|Any CPU.Build.0 = Debug|Any CPU
		{E37597A1-C6AE-43FD-90E5-45B3BFA1ACEC}.Debug|Any CPU.Deploy.0 = Debug|Any CPU
		{E37597A1-C6AE-43FD-90E5-45B3BFA1ACEC}.Debug|iPhone.ActiveCfg = Debug|Any CPU
		{E37597A1-C6AE-43FD-90E5-45B3BFA1ACEC}.Debug|iPhone.Build.0 = Debug|Any CPU
		{E37597A1-C6AE-43FD-90E5-45B3BFA1ACEC}.Debug|iPhone.Deploy.0 = Debug|Any CPU
		{E37597A1-C6AE-43FD-90E5-45B3BFA1ACEC}.Debug|iPhoneSimulator.ActiveCfg = Debug|Any CPU
		{E37597A1-C6AE-43FD-90E5-45B3BFA1ACEC}.Debug|iPhoneSimulator.Build.0 = Debug|Any CPU
		{E37597A1-C6AE-43FD-90E5-45B3BFA1ACEC}.Debug|iPhoneSimulator.Deploy.0 = Debug|Any CPU
		{E37597A1-C6AE-43FD-90E5-45B3BFA1ACEC}.Release|Any CPU.ActiveCfg = Release|Any CPU
		{E37597A1-C6AE-43FD-90E5-45B3BFA1ACEC}.Release|Any CPU.Build.0 = Release|Any CPU
		{E37597A1-C6AE-43FD-90E5-45B3BFA1ACEC}.Release|Any CPU.Deploy.0 = Release|Any CPU
		{E37597A1-C6AE-43FD-90E5-45B3BFA1ACEC}.Release|iPhone.ActiveCfg = Release|Any CPU
		{E37597A1-C6AE-43FD-90E5-45B3BFA1ACEC}.Release|iPhone.Build.0 = Release|Any CPU
		{E37597A1-C6AE-43FD-90E5-45B3BFA1ACEC}.Release|iPhone.Deploy.0 = Release|Any CPU
		{E37597A1-C6AE-43FD-90E5-45B3BFA1ACEC}.Release|iPhoneSimulator.ActiveCfg = Release|Any CPU
		{E37597A1-C6AE-43FD-90E5-45B3BFA1ACEC}.Release|iPhoneSimulator.Build.0 = Release|Any CPU
		{E37597A1-C6AE-43FD-90E5-45B3BFA1ACEC}.Release|iPhoneSimulator.Deploy.0 = Release|Any CPU
	EndGlobalSection
	GlobalSection(SolutionProperties) = preSolution
		HideSolutionNode = FALSE
	EndGlobalSection
	GlobalSection(ExtensibilityGlobals) = postSolution
		SolutionGuid = {053483A0-D7A1-4B65-939D-6FAC8B09FFD7}
	EndGlobalSection
EndGlobal
